
Microsoft Visual Studio Solution File, Format Version 12.00
# Visual Studio Version 17
VisualStudioVersion = 17.3.32901.215
MinimumVisualStudioVersion = 10.0.40219.1
Project("{9A19103F-16F7-4668-BE54-9A1E7A4F7556}") = "PracticaESFE.AppMVC", "PracticaESFE.AppMVC\PracticaESFE.AppMVC.csproj", "{12CE9100-8E85-445E-8BE3-E0D2F1F3E10A}"
EndProject
Project("{FAE04EC0-301F-11D3-BF4B-00C04F79EFBC}") = "TestProject", "TestProject\TestProject.csproj", "{05D97EB7-1312-40C3-BF04-8D694F254F75}"
EndProject
Global
	GlobalSection(SolutionConfigurationPlatforms) = preSolution
		Debug|Any CPU = Debug|Any CPU
		Release|Any CPU = Release|Any CPU
	EndGlobalSection
	GlobalSection(ProjectConfigurationPlatforms) = postSolution
		{12CE9100-8E85-445E-8BE3-E0D2F1F3E10A}.Debug|Any CPU.ActiveCfg = Debug|Any CPU
		{12CE9100-8E85-445E-8BE3-E0D2F1F3E10A}.Debug|Any CPU.Build.0 = Debug|Any CPU
		{12CE9100-8E85-445E-8BE3-E0D2F1F3E10A}.Release|Any CPU.ActiveCfg = Release|Any CPU
		{12CE9100-8E85-445E-8BE3-E0D2F1F3E10A}.Release|Any CPU.Build.0 = Release|Any CPU
		{05D97EB7-1312-40C3-BF04-8D694F254F75}.Debug|Any CPU.ActiveCfg = Debug|Any CPU
		{05D97EB7-1312-40C3-BF04-8D694F254F75}.Debug|Any CPU.Build.0 = Debug|Any CPU
		{05D97EB7-1312-40C3-BF04-8D694F254F75}.Release|Any CPU.ActiveCfg = Release|Any CPU
		{05D97EB7-1312-40C3-BF04-8D694F254F75}.Release|Any CPU.Build.0 = Release|Any CPU
	EndGlobalSection
	GlobalSection(SolutionProperties) = preSolution
		HideSolutionNode = FALSE
	EndGlobalSection
	GlobalSection(ExtensibilityGlobals) = postSolution
		SolutionGuid = {5DAA8ED2-4CD4-4F31-B0C1-A777F8D4981C}
	EndGlobalSection
EndGlobal
