
Microsoft Visual Studio Solution File, Format Version 12.00
# Visual Studio Version 17
VisualStudioVersion = 17.3.32901.215
MinimumVisualStudioVersion = 10.0.40219.1
Project("{9A19103F-16F7-4668-BE54-9A1E7A4F7556}") = "PracticaESFE.AppMVC", "PracticaESFE.AppMVC\PracticaESFE.AppMVC.csproj", "{12CE9100-8E85-445E-8BE3-E0D2F1F3E10A}"
EndProject
Project("{9A19103F-16F7-4668-BE54-9A1E7A4F7556}") = "TestProject", "TestProject\TestProject.csproj", "{05D97EB7-1312-40C3-BF04-8D694F254F75}"
EndProject
Project("{9A19103F-16F7-4668-BE54-9A1E7A4F7556}") = "ModoFacil", "ModoFacil\ModoFacil.csproj", "{A5039FEE-7F31-4E74-9CE7-466CB8B364B3}"
EndProject
Project("{9A19103F-16F7-4668-BE54-9A1E7A4F7556}") = "WebAPI", "WebAPI\WebAPI.csproj", "{26287F9C-BF15-499B-9487-AADCB0BA5066}"
EndProject
Project("{9A19103F-16F7-4668-BE54-9A1E7A4F7556}") = "EntidadesNegocio", "EntidadesNegocio\EntidadesNegocio.csproj", "{05CAEF8E-CD0F-4546-AEC3-702F902AFE59}"
EndProject
Project("{FAE04EC0-301F-11D3-BF4B-00C04F79EFBC}") = "LogicaNegocio", "LogicaNegocio\LogicaNegocio.csproj", "{42BEC3B2-3F87-4F70-ADD0-1E60AB0F79B7}"
EndProject
Project("{FAE04EC0-301F-11D3-BF4B-00C04F79EFBC}") = "AccesoADatosEF", "AccesoADatosEF\AccesoADatosEF.csproj", "{DA983AAB-FA0C-4302-95BB-91B45E53D811}"
EndProject
Project("{FAE04EC0-301F-11D3-BF4B-00C04F79EFBC}") = "AccesoADatosADO", "AccesoADatosADO\AccesoADatosADO.csproj", "{D9A06A14-10F2-4C2D-AA8E-BD9BF3C11AF1}"
EndProject
Project("{FAE04EC0-301F-11D3-BF4B-00C04F79EFBC}") = "IoC", "IoC\IoC.csproj", "{CC6D08CB-AB19-4311-AC77-5C26F0A2B2D4}"
EndProject
Project("{FAE04EC0-301F-11D3-BF4B-00C04F79EFBC}") = "DTOs", "DTOs\DTOs.csproj", "{BA6908D3-44D3-4328-BAB4-05A92C13701E}"
EndProject
Project("{FAE04EC0-301F-11D3-BF4B-00C04F79EFBC}") = "AppUIBlazor", "AppUIBlazor\AppUIBlazor.csproj", "{ECA1CC64-BA16-4CBB-BE14-148DE76F3D66}"
EndProject
Global
	GlobalSection(SolutionConfigurationPlatforms) = preSolution
		Debug|Any CPU = Debug|Any CPU
		Release|Any CPU = Release|Any CPU
	EndGlobalSection
	GlobalSection(ProjectConfigurationPlatforms) = postSolution
		{12CE9100-8E85-445E-8BE3-E0D2F1F3E10A}.Debug|Any CPU.ActiveCfg = Debug|Any CPU
		{12CE9100-8E85-445E-8BE3-E0D2F1F3E10A}.Debug|Any CPU.Build.0 = Debug|Any CPU
		{12CE9100-8E85-445E-8BE3-E0D2F1F3E10A}.Release|Any CPU.ActiveCfg = Release|Any CPU
		{12CE9100-8E85-445E-8BE3-E0D2F1F3E10A}.Release|Any CPU.Build.0 = Release|Any CPU
		{05D97EB7-1312-40C3-BF04-8D694F254F75}.Debug|Any CPU.ActiveCfg = Debug|Any CPU
		{05D97EB7-1312-40C3-BF04-8D694F254F75}.Debug|Any CPU.Build.0 = Debug|Any CPU
		{05D97EB7-1312-40C3-BF04-8D694F254F75}.Release|Any CPU.ActiveCfg = Release|Any CPU
		{05D97EB7-1312-40C3-BF04-8D694F254F75}.Release|Any CPU.Build.0 = Release|Any CPU
		{A5039FEE-7F31-4E74-9CE7-466CB8B364B3}.Debug|Any CPU.ActiveCfg = Debug|Any CPU
		{A5039FEE-7F31-4E74-9CE7-466CB8B364B3}.Debug|Any CPU.Build.0 = Debug|Any CPU
		{A5039FEE-7F31-4E74-9CE7-466CB8B364B3}.Release|Any CPU.ActiveCfg = Release|Any CPU
		{A5039FEE-7F31-4E74-9CE7-466CB8B364B3}.Release|Any CPU.Build.0 = Release|Any CPU
		{26287F9C-BF15-499B-9487-AADCB0BA5066}.Debug|Any CPU.ActiveCfg = Debug|Any CPU
		{26287F9C-BF15-499B-9487-AADCB0BA5066}.Debug|Any CPU.Build.0 = Debug|Any CPU
		{26287F9C-BF15-499B-9487-AADCB0BA5066}.Release|Any CPU.ActiveCfg = Release|Any CPU
		{26287F9C-BF15-499B-9487-AADCB0BA5066}.Release|Any CPU.Build.0 = Release|Any CPU
		{05CAEF8E-CD0F-4546-AEC3-702F902AFE59}.Debug|Any CPU.ActiveCfg = Debug|Any CPU
		{05CAEF8E-CD0F-4546-AEC3-702F902AFE59}.Debug|Any CPU.Build.0 = Debug|Any CPU
		{05CAEF8E-CD0F-4546-AEC3-702F902AFE59}.Release|Any CPU.ActiveCfg = Release|Any CPU
		{05CAEF8E-CD0F-4546-AEC3-702F902AFE59}.Release|Any CPU.Build.0 = Release|Any CPU
		{42BEC3B2-3F87-4F70-ADD0-1E60AB0F79B7}.Debug|Any CPU.ActiveCfg = Debug|Any CPU
		{42BEC3B2-3F87-4F70-ADD0-1E60AB0F79B7}.Debug|Any CPU.Build.0 = Debug|Any CPU
		{42BEC3B2-3F87-4F70-ADD0-1E60AB0F79B7}.Release|Any CPU.ActiveCfg = Release|Any CPU
		{42BEC3B2-3F87-4F70-ADD0-1E60AB0F79B7}.Release|Any CPU.Build.0 = Release|Any CPU
		{DA983AAB-FA0C-4302-95BB-91B45E53D811}.Debug|Any CPU.ActiveCfg = Debug|Any CPU
		{DA983AAB-FA0C-4302-95BB-91B45E53D811}.Debug|Any CPU.Build.0 = Debug|Any CPU
		{DA983AAB-FA0C-4302-95BB-91B45E53D811}.Release|Any CPU.ActiveCfg = Release|Any CPU
		{DA983AAB-FA0C-4302-95BB-91B45E53D811}.Release|Any CPU.Build.0 = Release|Any CPU
		{D9A06A14-10F2-4C2D-AA8E-BD9BF3C11AF1}.Debug|Any CPU.ActiveCfg = Debug|Any CPU
		{D9A06A14-10F2-4C2D-AA8E-BD9BF3C11AF1}.Debug|Any CPU.Build.0 = Debug|Any CPU
		{D9A06A14-10F2-4C2D-AA8E-BD9BF3C11AF1}.Release|Any CPU.ActiveCfg = Release|Any CPU
		{D9A06A14-10F2-4C2D-AA8E-BD9BF3C11AF1}.Release|Any CPU.Build.0 = Release|Any CPU
		{CC6D08CB-AB19-4311-AC77-5C26F0A2B2D4}.Debug|Any CPU.ActiveCfg = Debug|Any CPU
		{CC6D08CB-AB19-4311-AC77-5C26F0A2B2D4}.Debug|Any CPU.Build.0 = Debug|Any CPU
		{CC6D08CB-AB19-4311-AC77-5C26F0A2B2D4}.Release|Any CPU.ActiveCfg = Release|Any CPU
		{CC6D08CB-AB19-4311-AC77-5C26F0A2B2D4}.Release|Any CPU.Build.0 = Release|Any CPU
		{BA6908D3-44D3-4328-BAB4-05A92C13701E}.Debug|Any CPU.ActiveCfg = Debug|Any CPU
		{BA6908D3-44D3-4328-BAB4-05A92C13701E}.Debug|Any CPU.Build.0 = Debug|Any CPU
		{BA6908D3-44D3-4328-BAB4-05A92C13701E}.Release|Any CPU.ActiveCfg = Release|Any CPU
		{BA6908D3-44D3-4328-BAB4-05A92C13701E}.Release|Any CPU.Build.0 = Release|Any CPU
		{ECA1CC64-BA16-4CBB-BE14-148DE76F3D66}.Debug|Any CPU.ActiveCfg = Debug|Any CPU
		{ECA1CC64-BA16-4CBB-BE14-148DE76F3D66}.Debug|Any CPU.Build.0 = Debug|Any CPU
		{ECA1CC64-BA16-4CBB-BE14-148DE76F3D66}.Release|Any CPU.ActiveCfg = Release|Any CPU
		{ECA1CC64-BA16-4CBB-BE14-148DE76F3D66}.Release|Any CPU.Build.0 = Release|Any CPU
	EndGlobalSection
	GlobalSection(SolutionProperties) = preSolution
		HideSolutionNode = FALSE
	EndGlobalSection
	GlobalSection(ExtensibilityGlobals) = postSolution
		SolutionGuid = {5DAA8ED2-4CD4-4F31-B0C1-A777F8D4981C}
	EndGlobalSection
EndGlobal
